<?xml version="1.0" encoding="utf-8"?>
<Project ToolsVersion="4.0" xmlns="http://schemas.microsoft.com/developer/msbuild/2003">
  <ItemGroup>
    <Filter Include="Fichiers sources">
      <UniqueIdentifier>{4FC737F1-C7A5-4376-A066-2A32D752A2FF}</UniqueIdentifier>
      <Extensions>cpp;c;cc;cxx;c++;cppm;ixx;def;odl;idl;hpj;bat;asm;asmx</Extensions>
    </Filter>
    <Filter Include="Fichiers d%27en-tête">
      <UniqueIdentifier>{93995380-89BD-4b04-88EB-625FBE52EBFB}</UniqueIdentifier>
      <Extensions>h;hh;hpp;hxx;h++;hm;inl;inc;ipp;xsd</Extensions>
    </Filter>
    <Filter Include="Fichiers de ressources">
      <UniqueIdentifier>{67DA6AB6-F800-4c08-8B7A-83BB121AAD01}</UniqueIdentifier>
      <Extensions>rc;ico;cur;bmp;dlg;rc2;rct;bin;rgs;gif;jpg;jpeg;jpe;resx;tiff;tif;png;wav;mfcribbon-ms</Extensions>
    </Filter>
  </ItemGroup>
  <ItemGroup>
    <ClCompile Include="src\aes.c">
      <Filter>Fichiers sources</Filter>
    </ClCompile>
    <ClCompile Include="src\aesni.c">
      <Filter>Fichiers sources</Filter>
    </ClCompile>
    <ClCompile Include="src\arc4.c">
      <Filter>Fichiers sources</Filter>
    </ClCompile>
    <ClCompile Include="src\aria.c">
      <Filter>Fichiers sources</Filter>
    </ClCompile>
    <ClCompile Include="src\asn1parse.c">
      <Filter>Fichiers sources</Filter>
    </ClCompile>
    <ClCompile Include="src\asn1write.c">
      <Filter>Fichiers sources</Filter>
    </ClCompile>
    <ClCompile Include="src\base64.c">
      <Filter>Fichiers sources</Filter>
    </ClCompile>
    <ClCompile Include="src\bignum.c">
      <Filter>Fichiers sources</Filter>
    </ClCompile>
    <ClCompile Include="src\blowfish.c">
      <Filter>Fichiers sources</Filter>
    </ClCompile>
    <ClCompile Include="src\camellia.c">
      <Filter>Fichiers sources</Filter>
    </ClCompile>
    <ClCompile Include="src\ccm.c">
      <Filter>Fichiers sources</Filter>
    </ClCompile>
    <ClCompile Include="src\chacha20.c">
      <Filter>Fichiers sources</Filter>
    </ClCompile>
    <ClCompile Include="src\chachapoly.c">
      <Filter>Fichiers sources</Filter>
    </ClCompile>
    <ClCompile Include="src\cipher.c">
      <Filter>Fichiers sources</Filter>
    </ClCompile>
    <ClCompile Include="src\cipher_wrap.c">
      <Filter>Fichiers sources</Filter>
    </ClCompile>
    <ClCompile Include="src\cmac.c">
      <Filter>Fichiers sources</Filter>
    </ClCompile>
    <ClCompile Include="src\constant_time.c">
      <Filter>Fichiers sources</Filter>
    </ClCompile>
    <ClCompile Include="src\ctr_drbg.c">
      <Filter>Fichiers sources</Filter>
    </ClCompile>
    <ClCompile Include="src\des.c">
      <Filter>Fichiers sources</Filter>
    </ClCompile>
    <ClCompile Include="src\dhm.c">
      <Filter>Fichiers sources</Filter>
    </ClCompile>
    <ClCompile Include="src\ecdh.c">
      <Filter>Fichiers sources</Filter>
    </ClCompile>
    <ClCompile Include="src\ecdsa.c">
      <Filter>Fichiers sources</Filter>
    </ClCompile>
    <ClCompile Include="src\ecjpake.c">
      <Filter>Fichiers sources</Filter>
    </ClCompile>
    <ClCompile Include="src\ecp.c">
      <Filter>Fichiers sources</Filter>
    </ClCompile>
    <ClCompile Include="src\ecp_curves.c">
      <Filter>Fichiers sources</Filter>
    </ClCompile>
    <ClCompile Include="src\entropy.c">
      <Filter>Fichiers sources</Filter>
    </ClCompile>
    <ClCompile Include="src\entropy_poll.c">
      <Filter>Fichiers sources</Filter>
    </ClCompile>
    <ClCompile Include="src\error.c">
      <Filter>Fichiers sources</Filter>
    </ClCompile>
    <ClCompile Include="src\gcm.c">
      <Filter>Fichiers sources</Filter>
    </ClCompile>
    <ClCompile Include="src\havege.c">
      <Filter>Fichiers sources</Filter>
    </ClCompile>
    <ClCompile Include="src\hkdf.c">
      <Filter>Fichiers sources</Filter>
    </ClCompile>
    <ClCompile Include="src\hmac_drbg.c">
      <Filter>Fichiers sources</Filter>
    </ClCompile>
    <ClCompile Include="src\md.c">
      <Filter>Fichiers sources</Filter>
    </ClCompile>
    <ClCompile Include="src\md2.c">
      <Filter>Fichiers sources</Filter>
    </ClCompile>
    <ClCompile Include="src\md4.c">
      <Filter>Fichiers sources</Filter>
    </ClCompile>
    <ClCompile Include="src\md5.c">
      <Filter>Fichiers sources</Filter>
    </ClCompile>
    <ClCompile Include="src\memory_buffer_alloc.c">
      <Filter>Fichiers sources</Filter>
    </ClCompile>
    <ClCompile Include="src\mps_reader.c">
      <Filter>Fichiers sources</Filter>
    </ClCompile>
    <ClCompile Include="src\mps_trace.c">
      <Filter>Fichiers sources</Filter>
    </ClCompile>
    <ClCompile Include="src\nist_kw.c">
      <Filter>Fichiers sources</Filter>
    </ClCompile>
    <ClCompile Include="src\oid.c">
      <Filter>Fichiers sources</Filter>
    </ClCompile>
    <ClCompile Include="src\padlock.c">
      <Filter>Fichiers sources</Filter>
    </ClCompile>
    <ClCompile Include="src\pem.c">
      <Filter>Fichiers sources</Filter>
    </ClCompile>
    <ClCompile Include="src\pk.c">
      <Filter>Fichiers sources</Filter>
    </ClCompile>
    <ClCompile Include="src\pk_wrap.c">
      <Filter>Fichiers sources</Filter>
    </ClCompile>
    <ClCompile Include="src\pkcs5.c">
      <Filter>Fichiers sources</Filter>
    </ClCompile>
    <ClCompile Include="src\pkcs12.c">
      <Filter>Fichiers sources</Filter>
    </ClCompile>
    <ClCompile Include="src\pkparse.c">
      <Filter>Fichiers sources</Filter>
    </ClCompile>
    <ClCompile Include="src\pkwrite.c">
      <Filter>Fichiers sources</Filter>
    </ClCompile>
    <ClCompile Include="src\platform.c">
      <Filter>Fichiers sources</Filter>
    </ClCompile>
    <ClCompile Include="src\platform_util.c">
      <Filter>Fichiers sources</Filter>
    </ClCompile>
    <ClCompile Include="src\poly1305.c">
      <Filter>Fichiers sources</Filter>
    </ClCompile>
    <ClCompile Include="src\psa_crypto.c">
      <Filter>Fichiers sources</Filter>
    </ClCompile>
    <ClCompile Include="src\psa_crypto_aead.c">
      <Filter>Fichiers sources</Filter>
    </ClCompile>
    <ClCompile Include="src\psa_crypto_cipher.c">
      <Filter>Fichiers sources</Filter>
    </ClCompile>
    <ClCompile Include="src\psa_crypto_client.c">
      <Filter>Fichiers sources</Filter>
    </ClCompile>
    <ClCompile Include="src\psa_crypto_driver_wrappers.c">
      <Filter>Fichiers sources</Filter>
    </ClCompile>
    <ClCompile Include="src\psa_crypto_ecp.c">
      <Filter>Fichiers sources</Filter>
    </ClCompile>
    <ClCompile Include="src\psa_crypto_hash.c">
      <Filter>Fichiers sources</Filter>
    </ClCompile>
    <ClCompile Include="src\psa_crypto_mac.c">
      <Filter>Fichiers sources</Filter>
    </ClCompile>
    <ClCompile Include="src\psa_crypto_rsa.c">
      <Filter>Fichiers sources</Filter>
    </ClCompile>
    <ClCompile Include="src\psa_crypto_se.c">
      <Filter>Fichiers sources</Filter>
    </ClCompile>
    <ClCompile Include="src\psa_crypto_slot_management.c">
      <Filter>Fichiers sources</Filter>
    </ClCompile>
    <ClCompile Include="src\psa_crypto_storage.c">
      <Filter>Fichiers sources</Filter>
    </ClCompile>
    <ClCompile Include="src\psa_its_file.c">
      <Filter>Fichiers sources</Filter>
    </ClCompile>
    <ClCompile Include="src\ripemd160.c">
      <Filter>Fichiers sources</Filter>
    </ClCompile>
    <ClCompile Include="src\rsa.c">
      <Filter>Fichiers sources</Filter>
    </ClCompile>
    <ClCompile Include="src\rsa_internal.c">
      <Filter>Fichiers sources</Filter>
    </ClCompile>
    <ClCompile Include="src\sha1.c">
      <Filter>Fichiers sources</Filter>
    </ClCompile>
    <ClCompile Include="src\sha256.c">
      <Filter>Fichiers sources</Filter>
    </ClCompile>
    <ClCompile Include="src\sha512.c">
      <Filter>Fichiers sources</Filter>
    </ClCompile>
    <ClCompile Include="src\threading.c">
      <Filter>Fichiers sources</Filter>
    </ClCompile>
    <ClCompile Include="src\timing.c">
      <Filter>Fichiers sources</Filter>
    </ClCompile>
    <ClCompile Include="src\version.c">
      <Filter>Fichiers sources</Filter>
    </ClCompile>
    <ClCompile Include="src\version_features.c">
      <Filter>Fichiers sources</Filter>
    </ClCompile>
    <ClCompile Include="src\xtea.c">
      <Filter>Fichiers sources</Filter>
    </ClCompile>
  </ItemGroup>
  <ItemGroup>
    <ClInclude Include="include\aes.h">
      <Filter>Fichiers d%27en-tête</Filter>
    </ClInclude>
    <ClInclude Include="include\aesni.h">
      <Filter>Fichiers d%27en-tête</Filter>
    </ClInclude>
    <ClInclude Include="include\arc4.h">
      <Filter>Fichiers d%27en-tête</Filter>
    </ClInclude>
    <ClInclude Include="include\asn1.h">
      <Filter>Fichiers d%27en-tête</Filter>
    </ClInclude>
    <ClInclude Include="include\asn1write.h">
      <Filter>Fichiers d%27en-tête</Filter>
    </ClInclude>
    <ClInclude Include="include\base64.h">
      <Filter>Fichiers d%27en-tête</Filter>
    </ClInclude>
    <ClInclude Include="include\bignum.h">
      <Filter>Fichiers d%27en-tête</Filter>
    </ClInclude>
    <ClInclude Include="include\blowfish.h">
      <Filter>Fichiers d%27en-tête</Filter>
    </ClInclude>
    <ClInclude Include="include\bn_mul.h">
      <Filter>Fichiers d%27en-tête</Filter>
    </ClInclude>
    <ClInclude Include="include\camellia.h">
      <Filter>Fichiers d%27en-tête</Filter>
    </ClInclude>
    <ClInclude Include="include\ccm.h">
      <Filter>Fichiers d%27en-tête</Filter>
    </ClInclude>
    <ClInclude Include="include\chacha20.h">
      <Filter>Fichiers d%27en-tête</Filter>
    </ClInclude>
    <ClInclude Include="include\chachapoly.h">
      <Filter>Fichiers d%27en-tête</Filter>
    </ClInclude>
    <ClInclude Include="include\check_config.h">
      <Filter>Fichiers d%27en-tête</Filter>
    </ClInclude>
    <ClInclude Include="include\cipher.h">
      <Filter>Fichiers d%27en-tête</Filter>
    </ClInclude>
    <ClInclude Include="include\cipher_internal.h">
      <Filter>Fichiers d%27en-tête</Filter>
    </ClInclude>
    <ClInclude Include="include\cmac.h">
      <Filter>Fichiers d%27en-tête</Filter>
    </ClInclude>
    <ClInclude Include="include\common.h">
      <Filter>Fichiers d%27en-tête</Filter>
    </ClInclude>
    <ClInclude Include="include\config.h">
      <Filter>Fichiers d%27en-tête</Filter>
    </ClInclude>
    <ClInclude Include="include\config_psa.h">
      <Filter>Fichiers d%27en-tête</Filter>
    </ClInclude>
    <ClInclude Include="include\constant_time.h">
      <Filter>Fichiers d%27en-tête</Filter>
    </ClInclude>
    <ClInclude Include="include\constant_time_internal.h">
      <Filter>Fichiers d%27en-tête</Filter>
    </ClInclude>
    <ClInclude Include="include\constant_time_invasive.h">
      <Filter>Fichiers d%27en-tête</Filter>
    </ClInclude>
    <ClInclude Include="include\crypto.h">
      <Filter>Fichiers d%27en-tête</Filter>
    </ClInclude>
    <ClInclude Include="include\crypto_builtin_composites.h">
      <Filter>Fichiers d%27en-tête</Filter>
    </ClInclude>
    <ClInclude Include="include\crypto_builtin_primitives.h">
      <Filter>Fichiers d%27en-tête</Filter>
    </ClInclude>
    <ClInclude Include="include\crypto_compat.h">
      <Filter>Fichiers d%27en-tête</Filter>
    </ClInclude>
    <ClInclude Include="include\crypto_driver_common.h">
      <Filter>Fichiers d%27en-tête</Filter>
    </ClInclude>
    <ClInclude Include="include\crypto_driver_contexts_composites.h">
      <Filter>Fichiers d%27en-tête</Filter>
    </ClInclude>
    <ClInclude Include="include\crypto_driver_contexts_primitives.h">
      <Filter>Fichiers d%27en-tête</Filter>
    </ClInclude>
    <ClInclude Include="include\crypto_extra.h">
      <Filter>Fichiers d%27en-tête</Filter>
    </ClInclude>
    <ClInclude Include="include\crypto_platform.h">
      <Filter>Fichiers d%27en-tête</Filter>
    </ClInclude>
    <ClInclude Include="include\crypto_se_driver.h">
      <Filter>Fichiers d%27en-tête</Filter>
    </ClInclude>
    <ClInclude Include="include\crypto_sizes.h">
      <Filter>Fichiers d%27en-tête</Filter>
    </ClInclude>
    <ClInclude Include="include\crypto_struct.h">
      <Filter>Fichiers d%27en-tête</Filter>
    </ClInclude>
    <ClInclude Include="include\crypto_types.h">
      <Filter>Fichiers d%27en-tête</Filter>
    </ClInclude>
    <ClInclude Include="include\crypto_values.h">
      <Filter>Fichiers d%27en-tête</Filter>
    </ClInclude>
    <ClInclude Include="include\ctr_drbg.h">
      <Filter>Fichiers d%27en-tête</Filter>
    </ClInclude>
    <ClInclude Include="include\des.h">
      <Filter>Fichiers d%27en-tête</Filter>
    </ClInclude>
    <ClInclude Include="include\dhm.h">
      <Filter>Fichiers d%27en-tête</Filter>
    </ClInclude>
    <ClInclude Include="include\ecdh.h">
      <Filter>Fichiers d%27en-tête</Filter>
    </ClInclude>
    <ClInclude Include="include\ecdsa.h">
      <Filter>Fichiers d%27en-tête</Filter>
    </ClInclude>
    <ClInclude Include="include\ecp.h">
      <Filter>Fichiers d%27en-tête</Filter>
    </ClInclude>
    <ClInclude Include="include\ecp_internal.h">
      <Filter>Fichiers d%27en-tête</Filter>
    </ClInclude>
    <ClInclude Include="include\ecp_invasive.h">
      <Filter>Fichiers d%27en-tête</Filter>
    </ClInclude>
    <ClInclude Include="include\entropy.h">
      <Filter>Fichiers d%27en-tête</Filter>
    </ClInclude>
    <ClInclude Include="include\entropy_poll.h">
      <Filter>Fichiers d%27en-tête</Filter>
    </ClInclude>
    <ClInclude Include="include\error.h">
      <Filter>Fichiers d%27en-tête</Filter>
    </ClInclude>
    <ClInclude Include="include\gcm.h">
      <Filter>Fichiers d%27en-tête</Filter>
    </ClInclude>
    <ClInclude Include="include\hkdf.h">
      <Filter>Fichiers d%27en-tête</Filter>
    </ClInclude>
    <ClInclude Include="include\hmac_drbg.h">
      <Filter>Fichiers d%27en-tête</Filter>
    </ClInclude>
    <ClInclude Include="include\md.h">
      <Filter>Fichiers d%27en-tête</Filter>
    </ClInclude>
    <ClInclude Include="include\md_internal.h">
      <Filter>Fichiers d%27en-tête</Filter>
    </ClInclude>
    <ClInclude Include="include\md2.h">
      <Filter>Fichiers d%27en-tête</Filter>
    </ClInclude>
    <ClInclude Include="include\md4.h">
      <Filter>Fichiers d%27en-tête</Filter>
    </ClInclude>
    <ClInclude Include="include\md5.h">
      <Filter>Fichiers d%27en-tête</Filter>
    </ClInclude>
    <ClInclude Include="include\net_sockets.h">
      <Filter>Fichiers d%27en-tête</Filter>
    </ClInclude>
    <ClInclude Include="include\oid.h">
      <Filter>Fichiers d%27en-tête</Filter>
    </ClInclude>
    <ClInclude Include="include\padlock.h">
      <Filter>Fichiers d%27en-tête</Filter>
    </ClInclude>
    <ClInclude Include="include\pem.h">
      <Filter>Fichiers d%27en-tête</Filter>
    </ClInclude>
    <ClInclude Include="include\pk.h">
      <Filter>Fichiers d%27en-tête</Filter>
    </ClInclude>
    <ClInclude Include="include\pk_internal.h">
      <Filter>Fichiers d%27en-tête</Filter>
    </ClInclude>
    <ClInclude Include="include\pkcs5.h">
      <Filter>Fichiers d%27en-tête</Filter>
    </ClInclude>
    <ClInclude Include="include\pkcs12.h">
      <Filter>Fichiers d%27en-tête</Filter>
    </ClInclude>
    <ClInclude Include="include\platform.h">
      <Filter>Fichiers d%27en-tête</Filter>
    </ClInclude>
    <ClInclude Include="include\platform_time.h">
      <Filter>Fichiers d%27en-tête</Filter>
    </ClInclude>
    <ClInclude Include="include\platform_util.h">
      <Filter>Fichiers d%27en-tête</Filter>
    </ClInclude>
    <ClInclude Include="include\poly1305.h">
      <Filter>Fichiers d%27en-tête</Filter>
    </ClInclude>
    <ClInclude Include="include\psa_crypto_aead.h">
      <Filter>Fichiers d%27en-tête</Filter>
    </ClInclude>
    <ClInclude Include="include\psa_crypto_cipher.h">
      <Filter>Fichiers d%27en-tête</Filter>
    </ClInclude>
    <ClInclude Include="include\psa_crypto_core.h">
      <Filter>Fichiers d%27en-tête</Filter>
    </ClInclude>
    <ClInclude Include="include\psa_crypto_driver_wrappers.h">
      <Filter>Fichiers d%27en-tête</Filter>
    </ClInclude>
    <ClInclude Include="include\psa_crypto_ecp.h">
      <Filter>Fichiers d%27en-tête</Filter>
    </ClInclude>
    <ClInclude Include="include\psa_crypto_hash.h">
      <Filter>Fichiers d%27en-tête</Filter>
    </ClInclude>
    <ClInclude Include="include\psa_crypto_invasive.h">
      <Filter>Fichiers d%27en-tête</Filter>
    </ClInclude>
    <ClInclude Include="include\psa_crypto_its.h">
      <Filter>Fichiers d%27en-tête</Filter>
    </ClInclude>
    <ClInclude Include="include\psa_crypto_mac.h">
      <Filter>Fichiers d%27en-tête</Filter>
    </ClInclude>
    <ClInclude Include="include\psa_crypto_random_impl.h">
      <Filter>Fichiers d%27en-tête</Filter>
    </ClInclude>
    <ClInclude Include="include\psa_crypto_rsa.h">
      <Filter>Fichiers d%27en-tête</Filter>
    </ClInclude>
    <ClInclude Include="include\psa_crypto_se.h">
      <Filter>Fichiers d%27en-tête</Filter>
    </ClInclude>
    <ClInclude Include="include\psa_crypto_slot_management.h">
      <Filter>Fichiers d%27en-tête</Filter>
    </ClInclude>
    <ClInclude Include="include\psa_crypto_storage.h">
      <Filter>Fichiers d%27en-tête</Filter>
    </ClInclude>
    <ClInclude Include="include\psa_util.h">
      <Filter>Fichiers d%27en-tête</Filter>
    </ClInclude>
    <ClInclude Include="include\ripemd160.h">
      <Filter>Fichiers d%27en-tête</Filter>
    </ClInclude>
    <ClInclude Include="include\rsa.h">
      <Filter>Fichiers d%27en-tête</Filter>
    </ClInclude>
    <ClInclude Include="include\rsa_internal.h">
      <Filter>Fichiers d%27en-tête</Filter>
    </ClInclude>
    <ClInclude Include="include\sha1.h">
      <Filter>Fichiers d%27en-tête</Filter>
    </ClInclude>
    <ClInclude Include="include\sha256.h">
      <Filter>Fichiers d%27en-tête</Filter>
    </ClInclude>
    <ClInclude Include="include\sha512.h">
      <Filter>Fichiers d%27en-tête</Filter>
    </ClInclude>
    <ClInclude Include="include\ssl.h">
      <Filter>Fichiers d%27en-tête</Filter>
    </ClInclude>
    <ClInclude Include="include\ssl_ciphersuites.h">
      <Filter>Fichiers d%27en-tête</Filter>
    </ClInclude>
    <ClInclude Include="include\ssl_internal.h">
      <Filter>Fichiers d%27en-tête</Filter>
    </ClInclude>
    <ClInclude Include="include\threading.h">
      <Filter>Fichiers d%27en-tête</Filter>
    </ClInclude>
    <ClInclude Include="include\timing.h">
      <Filter>Fichiers d%27en-tête</Filter>
    </ClInclude>
    <ClInclude Include="include\version.h">
      <Filter>Fichiers d%27en-tête</Filter>
    </ClInclude>
    <ClInclude Include="include\x509.h">
      <Filter>Fichiers d%27en-tête</Filter>
    </ClInclude>
    <ClInclude Include="include\x509_crl.h">
      <Filter>Fichiers d%27en-tête</Filter>
    </ClInclude>
    <ClInclude Include="include\x509_crt.h">
      <Filter>Fichiers d%27en-tête</Filter>
    </ClInclude>
    <ClInclude Include="include\xtea.h">
      <Filter>Fichiers d%27en-tête</Filter>
    </ClInclude>
  </ItemGroup>
</Project>