<?xml version="1.0" encoding="utf-8"?>
<Project ToolsVersion="4.0" xmlns="http://schemas.microsoft.com/developer/msbuild/2003">
  <ItemGroup>
    <Filter Include="Fichiers sources">
      <UniqueIdentifier>{4FC737F1-C7A5-4376-A066-2A32D752A2FF}</UniqueIdentifier>
      <Extensions>cpp;c;cc;cxx;c++;cppm;ixx;def;odl;idl;hpj;bat;asm;asmx</Extensions>
    </Filter>
    <Filter Include="Fichiers d%27en-tête">
      <UniqueIdentifier>{93995380-89BD-4b04-88EB-625FBE52EBFB}</UniqueIdentifier>
      <Extensions>h;hh;hpp;hxx;h++;hm;inl;inc;ipp;xsd</Extensions>
    </Filter>
    <Filter Include="Fichiers de ressources">
      <UniqueIdentifier>{67DA6AB6-F800-4c08-8B7A-83BB121AAD01}</UniqueIdentifier>
      <Extensions>rc;ico;cur;bmp;dlg;rc2;rct;bin;rgs;gif;jpg;jpeg;jpe;resx;tiff;tif;png;wav;mfcribbon-ms</Extensions>
    </Filter>
  </ItemGroup>
  <ItemGroup>
    <ClCompile Include="src\auth.c">
      <Filter>Fichiers sources</Filter>
    </ClCompile>
    <ClCompile Include="src\base64.c">
      <Filter>Fichiers sources</Filter>
    </ClCompile>
    <ClCompile Include="src\bcrypt_pbkdf.c">
      <Filter>Fichiers sources</Filter>
    </ClCompile>
    <ClCompile Include="src\bignum.c">
      <Filter>Fichiers sources</Filter>
    </ClCompile>
    <ClCompile Include="src\bind.c">
      <Filter>Fichiers sources</Filter>
    </ClCompile>
    <ClCompile Include="src\bind_config.c">
      <Filter>Fichiers sources</Filter>
    </ClCompile>
    <ClCompile Include="src\blowfish.c">
      <Filter>Fichiers sources</Filter>
    </ClCompile>
    <ClCompile Include="src\buffer.c">
      <Filter>Fichiers sources</Filter>
    </ClCompile>
    <ClCompile Include="src\callbacks.c">
      <Filter>Fichiers sources</Filter>
    </ClCompile>
    <ClCompile Include="src\chacha.c">
      <Filter>Fichiers sources</Filter>
    </ClCompile>
    <ClCompile Include="src\chachapoly.c">
      <Filter>Fichiers sources</Filter>
    </ClCompile>
    <ClCompile Include="src\channels.c">
      <Filter>Fichiers sources</Filter>
    </ClCompile>
    <ClCompile Include="src\client.c">
      <Filter>Fichiers sources</Filter>
    </ClCompile>
    <ClCompile Include="src\config.c">
      <Filter>Fichiers sources</Filter>
    </ClCompile>
    <ClCompile Include="src\config_parser.c">
      <Filter>Fichiers sources</Filter>
    </ClCompile>
    <ClCompile Include="src\connect.c">
      <Filter>Fichiers sources</Filter>
    </ClCompile>
    <ClCompile Include="src\connector.c">
      <Filter>Fichiers sources</Filter>
    </ClCompile>
    <ClCompile Include="src\curve25519.c">
      <Filter>Fichiers sources</Filter>
    </ClCompile>
    <ClCompile Include="src\curve25519_ref.c">
      <Filter>Fichiers sources</Filter>
    </ClCompile>
    <ClCompile Include="src\dh.c">
      <Filter>Fichiers sources</Filter>
    </ClCompile>
    <ClCompile Include="src\dh_key.c">
      <Filter>Fichiers sources</Filter>
    </ClCompile>
    <ClCompile Include="src\dh-gex.c">
      <Filter>Fichiers sources</Filter>
    </ClCompile>
    <ClCompile Include="src\ecdh.c">
      <Filter>Fichiers sources</Filter>
    </ClCompile>
    <ClCompile Include="src\ecdh_mbedcrypto.c">
      <Filter>Fichiers sources</Filter>
    </ClCompile>
    <ClCompile Include="src\ed25519.c">
      <Filter>Fichiers sources</Filter>
    </ClCompile>
    <ClCompile Include="src\error.c">
      <Filter>Fichiers sources</Filter>
    </ClCompile>
    <ClCompile Include="src\fe25519.c">
      <Filter>Fichiers sources</Filter>
    </ClCompile>
    <ClCompile Include="src\ge25519.c">
      <Filter>Fichiers sources</Filter>
    </ClCompile>
    <ClCompile Include="src\getpass.c">
      <Filter>Fichiers sources</Filter>
    </ClCompile>
    <ClCompile Include="src\gzip.c">
      <Filter>Fichiers sources</Filter>
    </ClCompile>
    <ClCompile Include="src\init.c">
      <Filter>Fichiers sources</Filter>
    </ClCompile>
    <ClCompile Include="src\kdf.c">
      <Filter>Fichiers sources</Filter>
    </ClCompile>
    <ClCompile Include="src\kex.c">
      <Filter>Fichiers sources</Filter>
    </ClCompile>
    <ClCompile Include="src\known_hosts.c">
      <Filter>Fichiers sources</Filter>
    </ClCompile>
    <ClCompile Include="src\knownhosts.c">
      <Filter>Fichiers sources</Filter>
    </ClCompile>
    <ClCompile Include="src\legacy.c">
      <Filter>Fichiers sources</Filter>
    </ClCompile>
    <ClCompile Include="src\libmbedcrypto.c">
      <Filter>Fichiers sources</Filter>
    </ClCompile>
    <ClCompile Include="src\log.c">
      <Filter>Fichiers sources</Filter>
    </ClCompile>
    <ClCompile Include="src\match.c">
      <Filter>Fichiers sources</Filter>
    </ClCompile>
    <ClCompile Include="src\mbedcrypto_missing.c">
      <Filter>Fichiers sources</Filter>
    </ClCompile>
    <ClCompile Include="src\mbedtls.c">
      <Filter>Fichiers sources</Filter>
    </ClCompile>
    <ClCompile Include="src\messages.c">
      <Filter>Fichiers sources</Filter>
    </ClCompile>
    <ClCompile Include="src\misc.c">
      <Filter>Fichiers sources</Filter>
    </ClCompile>
    <ClCompile Include="src\noop.c">
      <Filter>Fichiers sources</Filter>
    </ClCompile>
    <ClCompile Include="src\options.c">
      <Filter>Fichiers sources</Filter>
    </ClCompile>
    <ClCompile Include="src\packet.c">
      <Filter>Fichiers sources</Filter>
    </ClCompile>
    <ClCompile Include="src\packet_cb.c">
      <Filter>Fichiers sources</Filter>
    </ClCompile>
    <ClCompile Include="src\packet_crypt.c">
      <Filter>Fichiers sources</Filter>
    </ClCompile>
    <ClCompile Include="src\pcap.c">
      <Filter>Fichiers sources</Filter>
    </ClCompile>
    <ClCompile Include="src\pki.c">
      <Filter>Fichiers sources</Filter>
    </ClCompile>
    <ClCompile Include="src\pki_container_openssh.c">
      <Filter>Fichiers sources</Filter>
    </ClCompile>
    <ClCompile Include="src\pki_ed25519.c">
      <Filter>Fichiers sources</Filter>
    </ClCompile>
    <ClCompile Include="src\pki_ed25519_common.c">
      <Filter>Fichiers sources</Filter>
    </ClCompile>
    <ClCompile Include="src\pki_mbedcrypto.c">
      <Filter>Fichiers sources</Filter>
    </ClCompile>
    <ClCompile Include="src\poll.c">
      <Filter>Fichiers sources</Filter>
    </ClCompile>
    <ClCompile Include="src\poly1305.c">
      <Filter>Fichiers sources</Filter>
    </ClCompile>
    <ClCompile Include="src\sc25519.c">
      <Filter>Fichiers sources</Filter>
    </ClCompile>
    <ClCompile Include="src\scp.c">
      <Filter>Fichiers sources</Filter>
    </ClCompile>
    <ClCompile Include="src\server.c">
      <Filter>Fichiers sources</Filter>
    </ClCompile>
    <ClCompile Include="src\session.c">
      <Filter>Fichiers sources</Filter>
    </ClCompile>
    <ClCompile Include="src\sftp.c">
      <Filter>Fichiers sources</Filter>
    </ClCompile>
    <ClCompile Include="src\sftpserver.c">
      <Filter>Fichiers sources</Filter>
    </ClCompile>
    <ClCompile Include="src\socket.c">
      <Filter>Fichiers sources</Filter>
    </ClCompile>
    <ClCompile Include="src\string.c">
      <Filter>Fichiers sources</Filter>
    </ClCompile>
    <ClCompile Include="src\threads.c">
      <Filter>Fichiers sources</Filter>
    </ClCompile>
    <ClCompile Include="src\token.c">
      <Filter>Fichiers sources</Filter>
    </ClCompile>
    <ClCompile Include="src\winlocks.c">
      <Filter>Fichiers sources</Filter>
    </ClCompile>
    <ClCompile Include="src\wrapper.c">
      <Filter>Fichiers sources</Filter>
    </ClCompile>
  </ItemGroup>
  <ItemGroup>
    <None Include="src\ge25519_base.data">
      <Filter>Fichiers sources</Filter>
    </None>
  </ItemGroup>
  <ItemGroup>
    <ClInclude Include="include\agent.h">
      <Filter>Fichiers d%27en-tête</Filter>
    </ClInclude>
    <ClInclude Include="include\auth.h">
      <Filter>Fichiers d%27en-tête</Filter>
    </ClInclude>
    <ClInclude Include="include\bignum.h">
      <Filter>Fichiers d%27en-tête</Filter>
    </ClInclude>
    <ClInclude Include="include\bind.h">
      <Filter>Fichiers d%27en-tête</Filter>
    </ClInclude>
    <ClInclude Include="include\bind_config.h">
      <Filter>Fichiers d%27en-tête</Filter>
    </ClInclude>
    <ClInclude Include="include\blf.h">
      <Filter>Fichiers d%27en-tête</Filter>
    </ClInclude>
    <ClInclude Include="include\buffer.h">
      <Filter>Fichiers d%27en-tête</Filter>
    </ClInclude>
    <ClInclude Include="include\bytearray.h">
      <Filter>Fichiers d%27en-tête</Filter>
    </ClInclude>
    <ClInclude Include="include\callbacks.h">
      <Filter>Fichiers d%27en-tête</Filter>
    </ClInclude>
    <ClInclude Include="include\chacha.h">
      <Filter>Fichiers d%27en-tête</Filter>
    </ClInclude>
    <ClInclude Include="include\channels.h">
      <Filter>Fichiers d%27en-tête</Filter>
    </ClInclude>
    <ClInclude Include="include\config.h">
      <Filter>Fichiers d%27en-tête</Filter>
    </ClInclude>
    <ClInclude Include="include\config_parser.h">
      <Filter>Fichiers d%27en-tête</Filter>
    </ClInclude>
    <ClInclude Include="include\crypto.h">
      <Filter>Fichiers d%27en-tête</Filter>
    </ClInclude>
    <ClInclude Include="include\curve25519.h">
      <Filter>Fichiers d%27en-tête</Filter>
    </ClInclude>
    <ClInclude Include="include\dh.h">
      <Filter>Fichiers d%27en-tête</Filter>
    </ClInclude>
    <ClInclude Include="include\dh-gex.h">
      <Filter>Fichiers d%27en-tête</Filter>
    </ClInclude>
    <ClInclude Include="include\ecdh.h">
      <Filter>Fichiers d%27en-tête</Filter>
    </ClInclude>
    <ClInclude Include="include\ed25519.h">
      <Filter>Fichiers d%27en-tête</Filter>
    </ClInclude>
    <ClInclude Include="include\fe25519.h">
      <Filter>Fichiers d%27en-tête</Filter>
    </ClInclude>
    <ClInclude Include="include\ge25519.h">
      <Filter>Fichiers d%27en-tête</Filter>
    </ClInclude>
    <ClInclude Include="include\gssapi.h">
      <Filter>Fichiers d%27en-tête</Filter>
    </ClInclude>
    <ClInclude Include="include\kex.h">
      <Filter>Fichiers d%27en-tête</Filter>
    </ClInclude>
    <ClInclude Include="include\keys.h">
      <Filter>Fichiers d%27en-tête</Filter>
    </ClInclude>
    <ClInclude Include="include\knownhosts.h">
      <Filter>Fichiers d%27en-tête</Filter>
    </ClInclude>
    <ClInclude Include="include\legacy.h">
      <Filter>Fichiers d%27en-tête</Filter>
    </ClInclude>
    <ClInclude Include="include\libcrypto.h">
      <Filter>Fichiers d%27en-tête</Filter>
    </ClInclude>
    <ClInclude Include="include\libgcrypt.h">
      <Filter>Fichiers d%27en-tête</Filter>
    </ClInclude>
    <ClInclude Include="include\libmbedcrypto.h">
      <Filter>Fichiers d%27en-tête</Filter>
    </ClInclude>
    <ClInclude Include="include\libssh.h">
      <Filter>Fichiers d%27en-tête</Filter>
    </ClInclude>
    <ClInclude Include="include\libssh_version.h">
      <Filter>Fichiers d%27en-tête</Filter>
    </ClInclude>
    <ClInclude Include="include\messages.h">
      <Filter>Fichiers d%27en-tête</Filter>
    </ClInclude>
    <ClInclude Include="include\misc.h">
      <Filter>Fichiers d%27en-tête</Filter>
    </ClInclude>
    <ClInclude Include="include\options.h">
      <Filter>Fichiers d%27en-tête</Filter>
    </ClInclude>
    <ClInclude Include="include\packet.h">
      <Filter>Fichiers d%27en-tête</Filter>
    </ClInclude>
    <ClInclude Include="include\pcap.h">
      <Filter>Fichiers d%27en-tête</Filter>
    </ClInclude>
    <ClInclude Include="include\pki.h">
      <Filter>Fichiers d%27en-tête</Filter>
    </ClInclude>
    <ClInclude Include="include\pki_priv.h">
      <Filter>Fichiers d%27en-tête</Filter>
    </ClInclude>
    <ClInclude Include="include\poll.h">
      <Filter>Fichiers d%27en-tête</Filter>
    </ClInclude>
    <ClInclude Include="include\poly1305.h">
      <Filter>Fichiers d%27en-tête</Filter>
    </ClInclude>
    <ClInclude Include="include\priv.h">
      <Filter>Fichiers d%27en-tête</Filter>
    </ClInclude>
    <ClInclude Include="include\sc25519.h">
      <Filter>Fichiers d%27en-tête</Filter>
    </ClInclude>
    <ClInclude Include="include\scp.h">
      <Filter>Fichiers d%27en-tête</Filter>
    </ClInclude>
    <ClInclude Include="include\server.h">
      <Filter>Fichiers d%27en-tête</Filter>
    </ClInclude>
    <ClInclude Include="include\session.h">
      <Filter>Fichiers d%27en-tête</Filter>
    </ClInclude>
    <ClInclude Include="include\sftp.h">
      <Filter>Fichiers d%27en-tête</Filter>
    </ClInclude>
    <ClInclude Include="include\sftp_priv.h">
      <Filter>Fichiers d%27en-tête</Filter>
    </ClInclude>
    <ClInclude Include="include\socket.h">
      <Filter>Fichiers d%27en-tête</Filter>
    </ClInclude>
    <ClInclude Include="include\ssh2.h">
      <Filter>Fichiers d%27en-tête</Filter>
    </ClInclude>
    <ClInclude Include="include\string.h">
      <Filter>Fichiers d%27en-tête</Filter>
    </ClInclude>
    <ClInclude Include="include\threads.h">
      <Filter>Fichiers d%27en-tête</Filter>
    </ClInclude>
    <ClInclude Include="include\token.h">
      <Filter>Fichiers d%27en-tête</Filter>
    </ClInclude>
    <ClInclude Include="include\wrapper.h">
      <Filter>Fichiers d%27en-tête</Filter>
    </ClInclude>
    <ClInclude Include="libconfig.h">
      <Filter>Fichiers d%27en-tête</Filter>
    </ClInclude>
  </ItemGroup>
</Project>